// !$*UTF8*$!
{
	archiveVersion = 1;
	classes = {
	};
	objectVersion = 56;
	objects = {

/* Begin PBXBuildFile section */
		A53798602CF60572001D5DA0 /* TaskTableViewCell.swift in Sources */ = {isa = PBXBuildFile; fileRef = A537985F2CF60572001D5DA0 /* TaskTableViewCell.swift */; };
		A53798622CF66265001D5DA0 /* TaskTableViewCellDelegate.swift in Sources */ = {isa = PBXBuildFile; fileRef = A53798612CF66265001D5DA0 /* TaskTableViewCellDelegate.swift */; };
		A53798692CF90DFE001D5DA0 /* EditTaskViewController.swift in Sources */ = {isa = PBXBuildFile; fileRef = A53798682CF90DFE001D5DA0 /* EditTaskViewController.swift */; };
		A537986B2CF912EC001D5DA0 /* EditTaskConfigurator.swift in Sources */ = {isa = PBXBuildFile; fileRef = A537986A2CF912EC001D5DA0 /* EditTaskConfigurator.swift */; };
		A537986E2CF9138B001D5DA0 /* EditTaskPresenter.swift in Sources */ = {isa = PBXBuildFile; fileRef = A537986D2CF9138B001D5DA0 /* EditTaskPresenter.swift */; };
		A53798702CF91414001D5DA0 /* EditTaskInteractor.swift in Sources */ = {isa = PBXBuildFile; fileRef = A537986F2CF91414001D5DA0 /* EditTaskInteractor.swift */; };
		A53798722CF9181F001D5DA0 /* EditTaskOutputProtocol.swift in Sources */ = {isa = PBXBuildFile; fileRef = A53798712CF9181F001D5DA0 /* EditTaskOutputProtocol.swift */; };
		A53798742CF91868001D5DA0 /* EditTaskViewInputProtocol.swift in Sources */ = {isa = PBXBuildFile; fileRef = A53798732CF91868001D5DA0 /* EditTaskViewInputProtocol.swift */; };
		A5571F032CF4A88100191210 /* AppDelegate.swift in Sources */ = {isa = PBXBuildFile; fileRef = A5571F022CF4A88100191210 /* AppDelegate.swift */; };
		A5571F052CF4A88100191210 /* SceneDelegate.swift in Sources */ = {isa = PBXBuildFile; fileRef = A5571F042CF4A88100191210 /* SceneDelegate.swift */; };
		A5571F0D2CF4A88100191210 /* ToDoList.xcdatamodeld in Sources */ = {isa = PBXBuildFile; fileRef = A5571F0B2CF4A88100191210 /* ToDoList.xcdatamodeld */; };
		A5571F0F2CF4A88400191210 /* Assets.xcassets in Resources */ = {isa = PBXBuildFile; fileRef = A5571F0E2CF4A88400191210 /* Assets.xcassets */; };
		A5571F122CF4A88400191210 /* LaunchScreen.storyboard in Resources */ = {isa = PBXBuildFile; fileRef = A5571F102CF4A88400191210 /* LaunchScreen.storyboard */; };
		A5571F1D2CF4A88400191210 /* ToDoListTests.swift in Sources */ = {isa = PBXBuildFile; fileRef = A5571F1C2CF4A88400191210 /* ToDoListTests.swift */; };
		A5571F272CF4A88400191210 /* ToDoListUITests.swift in Sources */ = {isa = PBXBuildFile; fileRef = A5571F262CF4A88400191210 /* ToDoListUITests.swift */; };
		A5571F292CF4A88400191210 /* ToDoListUITestsLaunchTests.swift in Sources */ = {isa = PBXBuildFile; fileRef = A5571F282CF4A88400191210 /* ToDoListUITestsLaunchTests.swift */; };
		A5571F3D2CF4AEF600191210 /* ToDoListViewController.swift in Sources */ = {isa = PBXBuildFile; fileRef = A5571F3C2CF4AEF600191210 /* ToDoListViewController.swift */; };
		A5571F3F2CF4AF3900191210 /* ToDoListInteractor.swift in Sources */ = {isa = PBXBuildFile; fileRef = A5571F3E2CF4AF3900191210 /* ToDoListInteractor.swift */; };
		A5571F412CF4AF9B00191210 /* ToDoListPresenter.swift in Sources */ = {isa = PBXBuildFile; fileRef = A5571F402CF4AF9B00191210 /* ToDoListPresenter.swift */; };
		A5571F442CF4B02900191210 /* Task.swift in Sources */ = {isa = PBXBuildFile; fileRef = A5571F432CF4B02900191210 /* Task.swift */; };
		A5571F462CF4B04200191210 /* ToDoListRouter.swift in Sources */ = {isa = PBXBuildFile; fileRef = A5571F452CF4B04200191210 /* ToDoListRouter.swift */; };
		A5571F482CF4B0D100191210 /* ToDoListConfigurator.swift in Sources */ = {isa = PBXBuildFile; fileRef = A5571F472CF4B0D100191210 /* ToDoListConfigurator.swift */; };
		A5571F4A2CF4B1A000191210 /* ToDoListViewInputProtocol.swift in Sources */ = {isa = PBXBuildFile; fileRef = A5571F492CF4B1A000191210 /* ToDoListViewInputProtocol.swift */; };
		A5571F4C2CF4B41C00191210 /* ToDoListInteractorInputProtocol.swift in Sources */ = {isa = PBXBuildFile; fileRef = A5571F4B2CF4B41C00191210 /* ToDoListInteractorInputProtocol.swift */; };
		A5571F4E2CF4B4C200191210 /* ToDoListOutputProtocol.swift in Sources */ = {isa = PBXBuildFile; fileRef = A5571F4D2CF4B4C200191210 /* ToDoListOutputProtocol.swift */; };
		A5571F502CF4B54200191210 /* ToDoListRouterInputProtocol.swift in Sources */ = {isa = PBXBuildFile; fileRef = A5571F4F2CF4B54200191210 /* ToDoListRouterInputProtocol.swift */; };
		A5571F532CF4B9CF00191210 /* ToDoService.swift in Sources */ = {isa = PBXBuildFile; fileRef = A5571F522CF4B9CF00191210 /* ToDoService.swift */; };
		A5571F552CF4BA4000191210 /* Constants.swift in Sources */ = {isa = PBXBuildFile; fileRef = A5571F542CF4BA4000191210 /* Constants.swift */; };
/* End PBXBuildFile section */

/* Begin PBXContainerItemProxy section */
		A5571F192CF4A88400191210 /* PBXContainerItemProxy */ = {
			isa = PBXContainerItemProxy;
			containerPortal = A5571EF72CF4A88100191210 /* Project object */;
			proxyType = 1;
			remoteGlobalIDString = A5571EFE2CF4A88100191210;
			remoteInfo = ToDoList;
		};
		A5571F232CF4A88400191210 /* PBXContainerItemProxy */ = {
			isa = PBXContainerItemProxy;
			containerPortal = A5571EF72CF4A88100191210 /* Project object */;
			proxyType = 1;
			remoteGlobalIDString = A5571EFE2CF4A88100191210;
			remoteInfo = ToDoList;
		};
/* End PBXContainerItemProxy section */

/* Begin PBXFileReference section */
		A537985F2CF60572001D5DA0 /* TaskTableViewCell.swift */ = {isa = PBXFileReference; lastKnownFileType = sourcecode.swift; path = TaskTableViewCell.swift; sourceTree = "<group>"; };
		A53798612CF66265001D5DA0 /* TaskTableViewCellDelegate.swift */ = {isa = PBXFileReference; lastKnownFileType = sourcecode.swift; path = TaskTableViewCellDelegate.swift; sourceTree = "<group>"; };
		A53798682CF90DFE001D5DA0 /* EditTaskViewController.swift */ = {isa = PBXFileReference; lastKnownFileType = sourcecode.swift; path = EditTaskViewController.swift; sourceTree = "<group>"; };
		A537986A2CF912EC001D5DA0 /* EditTaskConfigurator.swift */ = {isa = PBXFileReference; lastKnownFileType = sourcecode.swift; path = EditTaskConfigurator.swift; sourceTree = "<group>"; };
		A537986D2CF9138B001D5DA0 /* EditTaskPresenter.swift */ = {isa = PBXFileReference; lastKnownFileType = sourcecode.swift; path = EditTaskPresenter.swift; sourceTree = "<group>"; };
		A537986F2CF91414001D5DA0 /* EditTaskInteractor.swift */ = {isa = PBXFileReference; lastKnownFileType = sourcecode.swift; path = EditTaskInteractor.swift; sourceTree = "<group>"; };
		A53798712CF9181F001D5DA0 /* EditTaskOutputProtocol.swift */ = {isa = PBXFileReference; lastKnownFileType = sourcecode.swift; path = EditTaskOutputProtocol.swift; sourceTree = "<group>"; };
		A53798732CF91868001D5DA0 /* EditTaskViewInputProtocol.swift */ = {isa = PBXFileReference; lastKnownFileType = sourcecode.swift; path = EditTaskViewInputProtocol.swift; sourceTree = "<group>"; };
		A5571EFF2CF4A88100191210 /* ToDoList.app */ = {isa = PBXFileReference; explicitFileType = wrapper.application; includeInIndex = 0; path = ToDoList.app; sourceTree = BUILT_PRODUCTS_DIR; };
		A5571F022CF4A88100191210 /* AppDelegate.swift */ = {isa = PBXFileReference; lastKnownFileType = sourcecode.swift; path = AppDelegate.swift; sourceTree = "<group>"; };
		A5571F042CF4A88100191210 /* SceneDelegate.swift */ = {isa = PBXFileReference; lastKnownFileType = sourcecode.swift; path = SceneDelegate.swift; sourceTree = "<group>"; };
		A5571F0C2CF4A88100191210 /* ToDoList.xcdatamodel */ = {isa = PBXFileReference; lastKnownFileType = wrapper.xcdatamodel; path = ToDoList.xcdatamodel; sourceTree = "<group>"; };
		A5571F0E2CF4A88400191210 /* Assets.xcassets */ = {isa = PBXFileReference; lastKnownFileType = folder.assetcatalog; path = Assets.xcassets; sourceTree = "<group>"; };
		A5571F112CF4A88400191210 /* Base */ = {isa = PBXFileReference; lastKnownFileType = file.storyboard; name = Base; path = Base.lproj/LaunchScreen.storyboard; sourceTree = "<group>"; };
		A5571F132CF4A88400191210 /* Info.plist */ = {isa = PBXFileReference; lastKnownFileType = text.plist.xml; path = Info.plist; sourceTree = "<group>"; };
		A5571F182CF4A88400191210 /* ToDoListTests.xctest */ = {isa = PBXFileReference; explicitFileType = wrapper.cfbundle; includeInIndex = 0; path = ToDoListTests.xctest; sourceTree = BUILT_PRODUCTS_DIR; };
		A5571F1C2CF4A88400191210 /* ToDoListTests.swift */ = {isa = PBXFileReference; lastKnownFileType = sourcecode.swift; path = ToDoListTests.swift; sourceTree = "<group>"; };
		A5571F222CF4A88400191210 /* ToDoListUITests.xctest */ = {isa = PBXFileReference; explicitFileType = wrapper.cfbundle; includeInIndex = 0; path = ToDoListUITests.xctest; sourceTree = BUILT_PRODUCTS_DIR; };
		A5571F262CF4A88400191210 /* ToDoListUITests.swift */ = {isa = PBXFileReference; lastKnownFileType = sourcecode.swift; path = ToDoListUITests.swift; sourceTree = "<group>"; };
		A5571F282CF4A88400191210 /* ToDoListUITestsLaunchTests.swift */ = {isa = PBXFileReference; lastKnownFileType = sourcecode.swift; path = ToDoListUITestsLaunchTests.swift; sourceTree = "<group>"; };
		A5571F3C2CF4AEF600191210 /* ToDoListViewController.swift */ = {isa = PBXFileReference; lastKnownFileType = sourcecode.swift; path = ToDoListViewController.swift; sourceTree = "<group>"; };
		A5571F3E2CF4AF3900191210 /* ToDoListInteractor.swift */ = {isa = PBXFileReference; lastKnownFileType = sourcecode.swift; path = ToDoListInteractor.swift; sourceTree = "<group>"; };
		A5571F402CF4AF9B00191210 /* ToDoListPresenter.swift */ = {isa = PBXFileReference; lastKnownFileType = sourcecode.swift; path = ToDoListPresenter.swift; sourceTree = "<group>"; };
		A5571F432CF4B02900191210 /* Task.swift */ = {isa = PBXFileReference; lastKnownFileType = sourcecode.swift; path = Task.swift; sourceTree = "<group>"; };
		A5571F452CF4B04200191210 /* ToDoListRouter.swift */ = {isa = PBXFileReference; lastKnownFileType = sourcecode.swift; path = ToDoListRouter.swift; sourceTree = "<group>"; };
		A5571F472CF4B0D100191210 /* ToDoListConfigurator.swift */ = {isa = PBXFileReference; lastKnownFileType = sourcecode.swift; path = ToDoListConfigurator.swift; sourceTree = "<group>"; };
		A5571F492CF4B1A000191210 /* ToDoListViewInputProtocol.swift */ = {isa = PBXFileReference; lastKnownFileType = sourcecode.swift; path = ToDoListViewInputProtocol.swift; sourceTree = "<group>"; };
		A5571F4B2CF4B41C00191210 /* ToDoListInteractorInputProtocol.swift */ = {isa = PBXFileReference; lastKnownFileType = sourcecode.swift; path = ToDoListInteractorInputProtocol.swift; sourceTree = "<group>"; };
		A5571F4D2CF4B4C200191210 /* ToDoListOutputProtocol.swift */ = {isa = PBXFileReference; lastKnownFileType = sourcecode.swift; path = ToDoListOutputProtocol.swift; sourceTree = "<group>"; };
		A5571F4F2CF4B54200191210 /* ToDoListRouterInputProtocol.swift */ = {isa = PBXFileReference; lastKnownFileType = sourcecode.swift; path = ToDoListRouterInputProtocol.swift; sourceTree = "<group>"; };
		A5571F522CF4B9CF00191210 /* ToDoService.swift */ = {isa = PBXFileReference; lastKnownFileType = sourcecode.swift; path = ToDoService.swift; sourceTree = "<group>"; };
		A5571F542CF4BA4000191210 /* Constants.swift */ = {isa = PBXFileReference; lastKnownFileType = sourcecode.swift; path = Constants.swift; sourceTree = "<group>"; };
/* End PBXFileReference section */

/* Begin PBXFrameworksBuildPhase section */
		A5571EFC2CF4A88100191210 /* Frameworks */ = {
			isa = PBXFrameworksBuildPhase;
			buildActionMask = 2147483647;
			files = (
			);
			runOnlyForDeploymentPostprocessing = 0;
		};
		A5571F152CF4A88400191210 /* Frameworks */ = {
			isa = PBXFrameworksBuildPhase;
			buildActionMask = 2147483647;
			files = (
			);
			runOnlyForDeploymentPostprocessing = 0;
		};
		A5571F1F2CF4A88400191210 /* Frameworks */ = {
			isa = PBXFrameworksBuildPhase;
			buildActionMask = 2147483647;
			files = (
			);
			runOnlyForDeploymentPostprocessing = 0;
		};
/* End PBXFrameworksBuildPhase section */

/* Begin PBXGroup section */
		A53798632CF8F8E1001D5DA0 /* EditTaskModule */ = {
			isa = PBXGroup;
			children = (
				A53798672CF8F90A001D5DA0 /* Configurator */,
				A53798662CF8F904001D5DA0 /* Presenter */,
				A53798652CF8F8FC001D5DA0 /* Interactor */,
				A53798642CF8F8EC001D5DA0 /* View */,
			);
			path = EditTaskModule;
			sourceTree = "<group>";
		};
		A53798642CF8F8EC001D5DA0 /* View */ = {
			isa = PBXGroup;
			children = (
				A53798682CF90DFE001D5DA0 /* EditTaskViewController.swift */,
				A53798732CF91868001D5DA0 /* EditTaskViewInputProtocol.swift */,
			);
			path = View;
			sourceTree = "<group>";
		};
		A53798652CF8F8FC001D5DA0 /* Interactor */ = {
			isa = PBXGroup;
			children = (
				A537986F2CF91414001D5DA0 /* EditTaskInteractor.swift */,
			);
			path = Interactor;
			sourceTree = "<group>";
		};
		A53798662CF8F904001D5DA0 /* Presenter */ = {
			isa = PBXGroup;
			children = (
				A537986D2CF9138B001D5DA0 /* EditTaskPresenter.swift */,
				A53798712CF9181F001D5DA0 /* EditTaskOutputProtocol.swift */,
			);
			path = Presenter;
			sourceTree = "<group>";
		};
		A53798672CF8F90A001D5DA0 /* Configurator */ = {
			isa = PBXGroup;
			children = (
				A537986A2CF912EC001D5DA0 /* EditTaskConfigurator.swift */,
			);
			path = Configurator;
			sourceTree = "<group>";
		};
		A5571EF62CF4A88100191210 = {
			isa = PBXGroup;
			children = (
				A5571F012CF4A88100191210 /* ToDoList */,
				A5571F1B2CF4A88400191210 /* ToDoListTests */,
				A5571F252CF4A88400191210 /* ToDoListUITests */,
				A5571F002CF4A88100191210 /* Products */,
			);
			sourceTree = "<group>";
		};
		A5571F002CF4A88100191210 /* Products */ = {
			isa = PBXGroup;
			children = (
				A5571EFF2CF4A88100191210 /* ToDoList.app */,
				A5571F182CF4A88400191210 /* ToDoListTests.xctest */,
				A5571F222CF4A88400191210 /* ToDoListUITests.xctest */,
			);
			name = Products;
			sourceTree = "<group>";
		};
		A5571F012CF4A88100191210 /* ToDoList */ = {
			isa = PBXGroup;
			children = (
				A5571F512CF4B8E300191210 /* Managers */,
				A53798632CF8F8E1001D5DA0 /* EditTaskModule */,
				A5571F352CF4AD8C00191210 /* ToDoListModule */,
				A5571F022CF4A88100191210 /* AppDelegate.swift */,
				A5571F042CF4A88100191210 /* SceneDelegate.swift */,
				A5571F0E2CF4A88400191210 /* Assets.xcassets */,
				A5571F102CF4A88400191210 /* LaunchScreen.storyboard */,
				A5571F132CF4A88400191210 /* Info.plist */,
				A5571F0B2CF4A88100191210 /* ToDoList.xcdatamodeld */,
				A5571F542CF4BA4000191210 /* Constants.swift */,
			);
			path = ToDoList;
			sourceTree = "<group>";
		};
		A5571F1B2CF4A88400191210 /* ToDoListTests */ = {
			isa = PBXGroup;
			children = (
				A5571F1C2CF4A88400191210 /* ToDoListTests.swift */,
			);
			path = ToDoListTests;
			sourceTree = "<group>";
		};
		A5571F252CF4A88400191210 /* ToDoListUITests */ = {
			isa = PBXGroup;
			children = (
				A5571F262CF4A88400191210 /* ToDoListUITests.swift */,
				A5571F282CF4A88400191210 /* ToDoListUITestsLaunchTests.swift */,
			);
			path = ToDoListUITests;
			sourceTree = "<group>";
		};
		A5571F352CF4AD8C00191210 /* ToDoListModule */ = {
			isa = PBXGroup;
			children = (
				A5571F3B2CF4AE8400191210 /* Configurator */,
				A5571F3A2CF4AE7D00191210 /* Router */,
				A5571F392CF4ADD200191210 /* Entity */,
				A5571F382CF4ADCB00191210 /* Presenter */,
				A5571F372CF4ADBD00191210 /* Interactor */,
				A5571F362CF4ADB500191210 /* View */,
			);
			path = ToDoListModule;
			sourceTree = "<group>";
		};
		A5571F362CF4ADB500191210 /* View */ = {
			isa = PBXGroup;
			children = (
				A5571F3C2CF4AEF600191210 /* ToDoListViewController.swift */,
				A5571F492CF4B1A000191210 /* ToDoListViewInputProtocol.swift */,
				A537985F2CF60572001D5DA0 /* TaskTableViewCell.swift */,
				A53798612CF66265001D5DA0 /* TaskTableViewCellDelegate.swift */,
			);
			path = View;
			sourceTree = "<group>";
		};
		A5571F372CF4ADBD00191210 /* Interactor */ = {
			isa = PBXGroup;
			children = (
				A5571F3E2CF4AF3900191210 /* ToDoListInteractor.swift */,
				A5571F4B2CF4B41C00191210 /* ToDoListInteractorInputProtocol.swift */,
			);
			path = Interactor;
			sourceTree = "<group>";
		};
		A5571F382CF4ADCB00191210 /* Presenter */ = {
			isa = PBXGroup;
			children = (
				A5571F402CF4AF9B00191210 /* ToDoListPresenter.swift */,
				A5571F4D2CF4B4C200191210 /* ToDoListOutputProtocol.swift */,
			);
			path = Presenter;
			sourceTree = "<group>";
		};
		A5571F392CF4ADD200191210 /* Entity */ = {
			isa = PBXGroup;
			children = (
				A5571F432CF4B02900191210 /* Task.swift */,
			);
			path = Entity;
			sourceTree = "<group>";
		};
		A5571F3A2CF4AE7D00191210 /* Router */ = {
			isa = PBXGroup;
			children = (
				A5571F452CF4B04200191210 /* ToDoListRouter.swift */,
				A5571F4F2CF4B54200191210 /* ToDoListRouterInputProtocol.swift */,
			);
			path = Router;
			sourceTree = "<group>";
		};
		A5571F3B2CF4AE8400191210 /* Configurator */ = {
			isa = PBXGroup;
			children = (
				A5571F472CF4B0D100191210 /* ToDoListConfigurator.swift */,
			);
			path = Configurator;
			sourceTree = "<group>";
		};
		A5571F512CF4B8E300191210 /* Managers */ = {
			isa = PBXGroup;
			children = (
				A5571F522CF4B9CF00191210 /* ToDoService.swift */,
			);
			path = Managers;
			sourceTree = "<group>";
		};
/* End PBXGroup section */

/* Begin PBXNativeTarget section */
		A5571EFE2CF4A88100191210 /* ToDoList */ = {
			isa = PBXNativeTarget;
			buildConfigurationList = A5571F2C2CF4A88400191210 /* Build configuration list for PBXNativeTarget "ToDoList" */;
			buildPhases = (
				A5571EFB2CF4A88100191210 /* Sources */,
				A5571EFC2CF4A88100191210 /* Frameworks */,
				A5571EFD2CF4A88100191210 /* Resources */,
			);
			buildRules = (
			);
			dependencies = (
			);
			name = ToDoList;
			productName = ToDoList;
			productReference = A5571EFF2CF4A88100191210 /* ToDoList.app */;
			productType = "com.apple.product-type.application";
		};
		A5571F172CF4A88400191210 /* ToDoListTests */ = {
			isa = PBXNativeTarget;
			buildConfigurationList = A5571F2F2CF4A88400191210 /* Build configuration list for PBXNativeTarget "ToDoListTests" */;
			buildPhases = (
				A5571F142CF4A88400191210 /* Sources */,
				A5571F152CF4A88400191210 /* Frameworks */,
				A5571F162CF4A88400191210 /* Resources */,
			);
			buildRules = (
			);
			dependencies = (
				A5571F1A2CF4A88400191210 /* PBXTargetDependency */,
			);
			name = ToDoListTests;
			productName = ToDoListTests;
			productReference = A5571F182CF4A88400191210 /* ToDoListTests.xctest */;
			productType = "com.apple.product-type.bundle.unit-test";
		};
		A5571F212CF4A88400191210 /* ToDoListUITests */ = {
			isa = PBXNativeTarget;
			buildConfigurationList = A5571F322CF4A88400191210 /* Build configuration list for PBXNativeTarget "ToDoListUITests" */;
			buildPhases = (
				A5571F1E2CF4A88400191210 /* Sources */,
				A5571F1F2CF4A88400191210 /* Frameworks */,
				A5571F202CF4A88400191210 /* Resources */,
			);
			buildRules = (
			);
			dependencies = (
				A5571F242CF4A88400191210 /* PBXTargetDependency */,
			);
			name = ToDoListUITests;
			productName = ToDoListUITests;
			productReference = A5571F222CF4A88400191210 /* ToDoListUITests.xctest */;
			productType = "com.apple.product-type.bundle.ui-testing";
		};
/* End PBXNativeTarget section */

/* Begin PBXProject section */
		A5571EF72CF4A88100191210 /* Project object */ = {
			isa = PBXProject;
			attributes = {
				BuildIndependentTargetsInParallel = 1;
				LastSwiftUpdateCheck = 1430;
				LastUpgradeCheck = 1430;
				TargetAttributes = {
					A5571EFE2CF4A88100191210 = {
						CreatedOnToolsVersion = 14.3;
					};
					A5571F172CF4A88400191210 = {
						CreatedOnToolsVersion = 14.3;
						TestTargetID = A5571EFE2CF4A88100191210;
					};
					A5571F212CF4A88400191210 = {
						CreatedOnToolsVersion = 14.3;
						TestTargetID = A5571EFE2CF4A88100191210;
					};
				};
			};
			buildConfigurationList = A5571EFA2CF4A88100191210 /* Build configuration list for PBXProject "ToDoList" */;
			compatibilityVersion = "Xcode 14.0";
			developmentRegion = en;
			hasScannedForEncodings = 0;
			knownRegions = (
				en,
				Base,
			);
			mainGroup = A5571EF62CF4A88100191210;
			productRefGroup = A5571F002CF4A88100191210 /* Products */;
			projectDirPath = "";
			projectRoot = "";
			targets = (
				A5571EFE2CF4A88100191210 /* ToDoList */,
				A5571F172CF4A88400191210 /* ToDoListTests */,
				A5571F212CF4A88400191210 /* ToDoListUITests */,
			);
		};
/* End PBXProject section */

/* Begin PBXResourcesBuildPhase section */
		A5571EFD2CF4A88100191210 /* Resources */ = {
			isa = PBXResourcesBuildPhase;
			buildActionMask = 2147483647;
			files = (
				A5571F122CF4A88400191210 /* LaunchScreen.storyboard in Resources */,
				A5571F0F2CF4A88400191210 /* Assets.xcassets in Resources */,
			);
			runOnlyForDeploymentPostprocessing = 0;
		};
		A5571F162CF4A88400191210 /* Resources */ = {
			isa = PBXResourcesBuildPhase;
			buildActionMask = 2147483647;
			files = (
			);
			runOnlyForDeploymentPostprocessing = 0;
		};
		A5571F202CF4A88400191210 /* Resources */ = {
			isa = PBXResourcesBuildPhase;
			buildActionMask = 2147483647;
			files = (
			);
			runOnlyForDeploymentPostprocessing = 0;
		};
/* End PBXResourcesBuildPhase section */

/* Begin PBXSourcesBuildPhase section */
		A5571EFB2CF4A88100191210 /* Sources */ = {
			isa = PBXSourcesBuildPhase;
			buildActionMask = 2147483647;
			files = (
				A5571F4E2CF4B4C200191210 /* ToDoListOutputProtocol.swift in Sources */,
				A53798742CF91868001D5DA0 /* EditTaskViewInputProtocol.swift in Sources */,
				A53798722CF9181F001D5DA0 /* EditTaskOutputProtocol.swift in Sources */,
				A537986B2CF912EC001D5DA0 /* EditTaskConfigurator.swift in Sources */,
				A53798692CF90DFE001D5DA0 /* EditTaskViewController.swift in Sources */,
				A5571F442CF4B02900191210 /* Task.swift in Sources */,
				A5571F412CF4AF9B00191210 /* ToDoListPresenter.swift in Sources */,
				A5571F4C2CF4B41C00191210 /* ToDoListInteractorInputProtocol.swift in Sources */,
				A5571F032CF4A88100191210 /* AppDelegate.swift in Sources */,
				A5571F552CF4BA4000191210 /* Constants.swift in Sources */,
				A53798702CF91414001D5DA0 /* EditTaskInteractor.swift in Sources */,
				A5571F482CF4B0D100191210 /* ToDoListConfigurator.swift in Sources */,
				A5571F052CF4A88100191210 /* SceneDelegate.swift in Sources */,
				A53798622CF66265001D5DA0 /* TaskTableViewCellDelegate.swift in Sources */,
				A53798602CF60572001D5DA0 /* TaskTableViewCell.swift in Sources */,
				A5571F532CF4B9CF00191210 /* ToDoService.swift in Sources */,
				A5571F3D2CF4AEF600191210 /* ToDoListViewController.swift in Sources */,
				A5571F3F2CF4AF3900191210 /* ToDoListInteractor.swift in Sources */,
				A537986E2CF9138B001D5DA0 /* EditTaskPresenter.swift in Sources */,
				A5571F4A2CF4B1A000191210 /* ToDoListViewInputProtocol.swift in Sources */,
				A5571F502CF4B54200191210 /* ToDoListRouterInputProtocol.swift in Sources */,
				A5571F0D2CF4A88100191210 /* ToDoList.xcdatamodeld in Sources */,
				A5571F462CF4B04200191210 /* ToDoListRouter.swift in Sources */,
			);
			runOnlyForDeploymentPostprocessing = 0;
		};
		A5571F142CF4A88400191210 /* Sources */ = {
			isa = PBXSourcesBuildPhase;
			buildActionMask = 2147483647;
			files = (
				A5571F1D2CF4A88400191210 /* ToDoListTests.swift in Sources */,
			);
			runOnlyForDeploymentPostprocessing = 0;
		};
		A5571F1E2CF4A88400191210 /* Sources */ = {
			isa = PBXSourcesBuildPhase;
			buildActionMask = 2147483647;
			files = (
				A5571F292CF4A88400191210 /* ToDoListUITestsLaunchTests.swift in Sources */,
				A5571F272CF4A88400191210 /* ToDoListUITests.swift in Sources */,
			);
			runOnlyForDeploymentPostprocessing = 0;
		};
/* End PBXSourcesBuildPhase section */

/* Begin PBXTargetDependency section */
		A5571F1A2CF4A88400191210 /* PBXTargetDependency */ = {
			isa = PBXTargetDependency;
			target = A5571EFE2CF4A88100191210 /* ToDoList */;
			targetProxy = A5571F192CF4A88400191210 /* PBXContainerItemProxy */;
		};
		A5571F242CF4A88400191210 /* PBXTargetDependency */ = {
			isa = PBXTargetDependency;
			target = A5571EFE2CF4A88100191210 /* ToDoList */;
			targetProxy = A5571F232CF4A88400191210 /* PBXContainerItemProxy */;
		};
/* End PBXTargetDependency section */

/* Begin PBXVariantGroup section */
		A5571F102CF4A88400191210 /* LaunchScreen.storyboard */ = {
			isa = PBXVariantGroup;
			children = (
				A5571F112CF4A88400191210 /* Base */,
			);
			name = LaunchScreen.storyboard;
			sourceTree = "<group>";
		};
/* End PBXVariantGroup section */

/* Begin XCBuildConfiguration section */
		A5571F2A2CF4A88400191210 /* Debug */ = {
			isa = XCBuildConfiguration;
			buildSettings = {
				ALWAYS_SEARCH_USER_PATHS = NO;
				CLANG_ANALYZER_NONNULL = YES;
				CLANG_ANALYZER_NUMBER_OBJECT_CONVERSION = YES_AGGRESSIVE;
				CLANG_CXX_LANGUAGE_STANDARD = "gnu++20";
				CLANG_ENABLE_MODULES = YES;
				CLANG_ENABLE_OBJC_ARC = YES;
				CLANG_ENABLE_OBJC_WEAK = YES;
				CLANG_WARN_BLOCK_CAPTURE_AUTORELEASING = YES;
				CLANG_WARN_BOOL_CONVERSION = YES;
				CLANG_WARN_COMMA = YES;
				CLANG_WARN_CONSTANT_CONVERSION = YES;
				CLANG_WARN_DEPRECATED_OBJC_IMPLEMENTATIONS = YES;
				CLANG_WARN_DIRECT_OBJC_ISA_USAGE = YES_ERROR;
				CLANG_WARN_DOCUMENTATION_COMMENTS = YES;
				CLANG_WARN_EMPTY_BODY = YES;
				CLANG_WARN_ENUM_CONVERSION = YES;
				CLANG_WARN_INFINITE_RECURSION = YES;
				CLANG_WARN_INT_CONVERSION = YES;
				CLANG_WARN_NON_LITERAL_NULL_CONVERSION = YES;
				CLANG_WARN_OBJC_IMPLICIT_RETAIN_SELF = YES;
				CLANG_WARN_OBJC_LITERAL_CONVERSION = YES;
				CLANG_WARN_OBJC_ROOT_CLASS = YES_ERROR;
				CLANG_WARN_QUOTED_INCLUDE_IN_FRAMEWORK_HEADER = YES;
				CLANG_WARN_RANGE_LOOP_ANALYSIS = YES;
				CLANG_WARN_STRICT_PROTOTYPES = YES;
				CLANG_WARN_SUSPICIOUS_MOVE = YES;
				CLANG_WARN_UNGUARDED_AVAILABILITY = YES_AGGRESSIVE;
				CLANG_WARN_UNREACHABLE_CODE = YES;
				CLANG_WARN__DUPLICATE_METHOD_MATCH = YES;
				COPY_PHASE_STRIP = NO;
				DEBUG_INFORMATION_FORMAT = dwarf;
				ENABLE_STRICT_OBJC_MSGSEND = YES;
				ENABLE_TESTABILITY = YES;
				GCC_C_LANGUAGE_STANDARD = gnu11;
				GCC_DYNAMIC_NO_PIC = NO;
				GCC_NO_COMMON_BLOCKS = YES;
				GCC_OPTIMIZATION_LEVEL = 0;
				GCC_PREPROCESSOR_DEFINITIONS = (
					"DEBUG=1",
					"$(inherited)",
				);
				GCC_WARN_64_TO_32_BIT_CONVERSION = YES;
				GCC_WARN_ABOUT_RETURN_TYPE = YES_ERROR;
				GCC_WARN_UNDECLARED_SELECTOR = YES;
				GCC_WARN_UNINITIALIZED_AUTOS = YES_AGGRESSIVE;
				GCC_WARN_UNUSED_FUNCTION = YES;
				GCC_WARN_UNUSED_VARIABLE = YES;
				IPHONEOS_DEPLOYMENT_TARGET = 16.4;
				MTL_ENABLE_DEBUG_INFO = INCLUDE_SOURCE;
				MTL_FAST_MATH = YES;
				ONLY_ACTIVE_ARCH = YES;
				SDKROOT = iphoneos;
				SWIFT_ACTIVE_COMPILATION_CONDITIONS = DEBUG;
				SWIFT_OPTIMIZATION_LEVEL = "-Onone";
			};
			name = Debug;
		};
		A5571F2B2CF4A88400191210 /* Release */ = {
			isa = XCBuildConfiguration;
			buildSettings = {
				ALWAYS_SEARCH_USER_PATHS = NO;
				CLANG_ANALYZER_NONNULL = YES;
				CLANG_ANALYZER_NUMBER_OBJECT_CONVERSION = YES_AGGRESSIVE;
				CLANG_CXX_LANGUAGE_STANDARD = "gnu++20";
				CLANG_ENABLE_MODULES = YES;
				CLANG_ENABLE_OBJC_ARC = YES;
				CLANG_ENABLE_OBJC_WEAK = YES;
				CLANG_WARN_BLOCK_CAPTURE_AUTORELEASING = YES;
				CLANG_WARN_BOOL_CONVERSION = YES;
				CLANG_WARN_COMMA = YES;
				CLANG_WARN_CONSTANT_CONVERSION = YES;
				CLANG_WARN_DEPRECATED_OBJC_IMPLEMENTATIONS = YES;
				CLANG_WARN_DIRECT_OBJC_ISA_USAGE = YES_ERROR;
				CLANG_WARN_DOCUMENTATION_COMMENTS = YES;
				CLANG_WARN_EMPTY_BODY = YES;
				CLANG_WARN_ENUM_CONVERSION = YES;
				CLANG_WARN_INFINITE_RECURSION = YES;
				CLANG_WARN_INT_CONVERSION = YES;
				CLANG_WARN_NON_LITERAL_NULL_CONVERSION = YES;
				CLANG_WARN_OBJC_IMPLICIT_RETAIN_SELF = YES;
				CLANG_WARN_OBJC_LITERAL_CONVERSION = YES;
				CLANG_WARN_OBJC_ROOT_CLASS = YES_ERROR;
				CLANG_WARN_QUOTED_INCLUDE_IN_FRAMEWORK_HEADER = YES;
				CLANG_WARN_RANGE_LOOP_ANALYSIS = YES;
				CLANG_WARN_STRICT_PROTOTYPES = YES;
				CLANG_WARN_SUSPICIOUS_MOVE = YES;
				CLANG_WARN_UNGUARDED_AVAILABILITY = YES_AGGRESSIVE;
				CLANG_WARN_UNREACHABLE_CODE = YES;
				CLANG_WARN__DUPLICATE_METHOD_MATCH = YES;
				COPY_PHASE_STRIP = NO;
				DEBUG_INFORMATION_FORMAT = "dwarf-with-dsym";
				ENABLE_NS_ASSERTIONS = NO;
				ENABLE_STRICT_OBJC_MSGSEND = YES;
				GCC_C_LANGUAGE_STANDARD = gnu11;
				GCC_NO_COMMON_BLOCKS = YES;
				GCC_WARN_64_TO_32_BIT_CONVERSION = YES;
				GCC_WARN_ABOUT_RETURN_TYPE = YES_ERROR;
				GCC_WARN_UNDECLARED_SELECTOR = YES;
				GCC_WARN_UNINITIALIZED_AUTOS = YES_AGGRESSIVE;
				GCC_WARN_UNUSED_FUNCTION = YES;
				GCC_WARN_UNUSED_VARIABLE = YES;
				IPHONEOS_DEPLOYMENT_TARGET = 16.4;
				MTL_ENABLE_DEBUG_INFO = NO;
				MTL_FAST_MATH = YES;
				SDKROOT = iphoneos;
				SWIFT_COMPILATION_MODE = wholemodule;
				SWIFT_OPTIMIZATION_LEVEL = "-O";
				VALIDATE_PRODUCT = YES;
			};
			name = Release;
		};
		A5571F2D2CF4A88400191210 /* Debug */ = {
			isa = XCBuildConfiguration;
			buildSettings = {
				ASSETCATALOG_COMPILER_APPICON_NAME = AppIcon;
				ASSETCATALOG_COMPILER_GLOBAL_ACCENT_COLOR_NAME = AccentColor;
				CODE_SIGN_STYLE = Automatic;
				CURRENT_PROJECT_VERSION = 1;
				DEVELOPMENT_TEAM = BMA5QWL5H6;
				GENERATE_INFOPLIST_FILE = YES;
				INFOPLIST_FILE = ToDoList/Info.plist;
				INFOPLIST_KEY_UIApplicationSupportsIndirectInputEvents = YES;
				INFOPLIST_KEY_UILaunchStoryboardName = LaunchScreen;
				INFOPLIST_KEY_UIStatusBarStyle = "";
				INFOPLIST_KEY_UISupportedInterfaceOrientations_iPad = "UIInterfaceOrientationPortrait UIInterfaceOrientationPortraitUpsideDown UIInterfaceOrientationLandscapeLeft UIInterfaceOrientationLandscapeRight";
				INFOPLIST_KEY_UISupportedInterfaceOrientations_iPhone = "UIInterfaceOrientationPortrait UIInterfaceOrientationLandscapeLeft UIInterfaceOrientationLandscapeRight";
				LD_RUNPATH_SEARCH_PATHS = (
					"$(inherited)",
					"@executable_path/Frameworks",
				);
				MARKETING_VERSION = 1.0;
				PRODUCT_BUNDLE_IDENTIFIER = kkg.ToDoList;
				PRODUCT_NAME = "$(TARGET_NAME)";
				SWIFT_EMIT_LOC_STRINGS = YES;
				SWIFT_VERSION = 5.0;
				TARGETED_DEVICE_FAMILY = "1,2";
			};
			name = Debug;
		};
		A5571F2E2CF4A88400191210 /* Release */ = {
			isa = XCBuildConfiguration;
			buildSettings = {
				ASSETCATALOG_COMPILER_APPICON_NAME = AppIcon;
				ASSETCATALOG_COMPILER_GLOBAL_ACCENT_COLOR_NAME = AccentColor;
				CODE_SIGN_STYLE = Automatic;
				CURRENT_PROJECT_VERSION = 1;
				DEVELOPMENT_TEAM = BMA5QWL5H6;
				GENERATE_INFOPLIST_FILE = YES;
				INFOPLIST_FILE = ToDoList/Info.plist;
				INFOPLIST_KEY_UIApplicationSupportsIndirectInputEvents = YES;
				INFOPLIST_KEY_UILaunchStoryboardName = LaunchScreen;
				INFOPLIST_KEY_UIStatusBarStyle = "";
				INFOPLIST_KEY_UISupportedInterfaceOrientations_iPad = "UIInterfaceOrientationPortrait UIInterfaceOrientationPortraitUpsideDown UIInterfaceOrientationLandscapeLeft UIInterfaceOrientationLandscapeRight";
				INFOPLIST_KEY_UISupportedInterfaceOrientations_iPhone = "UIInterfaceOrientationPortrait UIInterfaceOrientationLandscapeLeft UIInterfaceOrientationLandscapeRight";
				LD_RUNPATH_SEARCH_PATHS = (
					"$(inherited)",
					"@executable_path/Frameworks",
				);
				MARKETING_VERSION = 1.0;
				PRODUCT_BUNDLE_IDENTIFIER = kkg.ToDoList;
				PRODUCT_NAME = "$(TARGET_NAME)";
				SWIFT_EMIT_LOC_STRINGS = YES;
				SWIFT_VERSION = 5.0;
				TARGETED_DEVICE_FAMILY = "1,2";
			};
			name = Release;
		};
		A5571F302CF4A88400191210 /* Debug */ = {
			isa = XCBuildConfiguration;
			buildSettings = {
				ALWAYS_EMBED_SWIFT_STANDARD_LIBRARIES = YES;
				BUNDLE_LOADER = "$(TEST_HOST)";
				CODE_SIGN_STYLE = Automatic;
				CURRENT_PROJECT_VERSION = 1;
				DEVELOPMENT_TEAM = BMA5QWL5H6;
				GENERATE_INFOPLIST_FILE = YES;
				IPHONEOS_DEPLOYMENT_TARGET = 16.4;
				MARKETING_VERSION = 1.0;
				PRODUCT_BUNDLE_IDENTIFIER = kkg.ToDoListTests;
				PRODUCT_NAME = "$(TARGET_NAME)";
				SWIFT_EMIT_LOC_STRINGS = NO;
				SWIFT_VERSION = 5.0;
				TARGETED_DEVICE_FAMILY = "1,2";
				TEST_HOST = "$(BUILT_PRODUCTS_DIR)/ToDoList.app/$(BUNDLE_EXECUTABLE_FOLDER_PATH)/ToDoList";
			};
			name = Debug;
		};
		A5571F312CF4A88400191210 /* Release */ = {
			isa = XCBuildConfiguration;
			buildSettings = {
				ALWAYS_EMBED_SWIFT_STANDARD_LIBRARIES = YES;
				BUNDLE_LOADER = "$(TEST_HOST)";
				CODE_SIGN_STYLE = Automatic;
				CURRENT_PROJECT_VERSION = 1;
				DEVELOPMENT_TEAM = BMA5QWL5H6;
				GENERATE_INFOPLIST_FILE = YES;
				IPHONEOS_DEPLOYMENT_TARGET = 16.4;
				MARKETING_VERSION = 1.0;
				PRODUCT_BUNDLE_IDENTIFIER = kkg.ToDoListTests;
				PRODUCT_NAME = "$(TARGET_NAME)";
				SWIFT_EMIT_LOC_STRINGS = NO;
				SWIFT_VERSION = 5.0;
				TARGETED_DEVICE_FAMILY = "1,2";
				TEST_HOST = "$(BUILT_PRODUCTS_DIR)/ToDoList.app/$(BUNDLE_EXECUTABLE_FOLDER_PATH)/ToDoList";
			};
			name = Release;
		};
		A5571F332CF4A88400191210 /* Debug */ = {
			isa = XCBuildConfiguration;
			buildSettings = {
				ALWAYS_EMBED_SWIFT_STANDARD_LIBRARIES = YES;
				CODE_SIGN_STYLE = Automatic;
				CURRENT_PROJECT_VERSION = 1;
				DEVELOPMENT_TEAM = BMA5QWL5H6;
				GENERATE_INFOPLIST_FILE = YES;
				MARKETING_VERSION = 1.0;
				PRODUCT_BUNDLE_IDENTIFIER = kkg.ToDoListUITests;
				PRODUCT_NAME = "$(TARGET_NAME)";
				SWIFT_EMIT_LOC_STRINGS = NO;
				SWIFT_VERSION = 5.0;
				TARGETED_DEVICE_FAMILY = "1,2";
				TEST_TARGET_NAME = ToDoList;
			};
			name = Debug;
		};
		A5571F342CF4A88400191210 /* Release */ = {
			isa = XCBuildConfiguration;
			buildSettings = {
				ALWAYS_EMBED_SWIFT_STANDARD_LIBRARIES = YES;
				CODE_SIGN_STYLE = Automatic;
				CURRENT_PROJECT_VERSION = 1;
				DEVELOPMENT_TEAM = BMA5QWL5H6;
				GENERATE_INFOPLIST_FILE = YES;
				MARKETING_VERSION = 1.0;
				PRODUCT_BUNDLE_IDENTIFIER = kkg.ToDoListUITests;
				PRODUCT_NAME = "$(TARGET_NAME)";
				SWIFT_EMIT_LOC_STRINGS = NO;
				SWIFT_VERSION = 5.0;
				TARGETED_DEVICE_FAMILY = "1,2";
				TEST_TARGET_NAME = ToDoList;
			};
			name = Release;
		};
/* End XCBuildConfiguration section */

/* Begin XCConfigurationList section */
		A5571EFA2CF4A88100191210 /* Build configuration list for PBXProject "ToDoList" */ = {
			isa = XCConfigurationList;
			buildConfigurations = (
				A5571F2A2CF4A88400191210 /* Debug */,
				A5571F2B2CF4A88400191210 /* Release */,
			);
			defaultConfigurationIsVisible = 0;
			defaultConfigurationName = Release;
		};
		A5571F2C2CF4A88400191210 /* Build configuration list for PBXNativeTarget "ToDoList" */ = {
			isa = XCConfigurationList;
			buildConfigurations = (
				A5571F2D2CF4A88400191210 /* Debug */,
				A5571F2E2CF4A88400191210 /* Release */,
			);
			defaultConfigurationIsVisible = 0;
			defaultConfigurationName = Release;
		};
		A5571F2F2CF4A88400191210 /* Build configuration list for PBXNativeTarget "ToDoListTests" */ = {
			isa = XCConfigurationList;
			buildConfigurations = (
				A5571F302CF4A88400191210 /* Debug */,
				A5571F312CF4A88400191210 /* Release */,
			);
			defaultConfigurationIsVisible = 0;
			defaultConfigurationName = Release;
		};
		A5571F322CF4A88400191210 /* Build configuration list for PBXNativeTarget "ToDoListUITests" */ = {
			isa = XCConfigurationList;
			buildConfigurations = (
				A5571F332CF4A88400191210 /* Debug */,
				A5571F342CF4A88400191210 /* Release */,
			);
			defaultConfigurationIsVisible = 0;
			defaultConfigurationName = Release;
		};
/* End XCConfigurationList section */

/* Begin XCVersionGroup section */
		A5571F0B2CF4A88100191210 /* ToDoList.xcdatamodeld */ = {
			isa = XCVersionGroup;
			children = (
				A5571F0C2CF4A88100191210 /* ToDoList.xcdatamodel */,
			);
			currentVersion = A5571F0C2CF4A88100191210 /* ToDoList.xcdatamodel */;
			path = ToDoList.xcdatamodeld;
			sourceTree = "<group>";
			versionGroupType = wrapper.xcdatamodel;
		};
/* End XCVersionGroup section */
	};
	rootObject = A5571EF72CF4A88100191210 /* Project object */;
}
